
Microsoft Visual Studio Solution File, Format Version 12.00
# Visual Studio Version 16
VisualStudioVersion = 16.0.31005.135
MinimumVisualStudioVersion = 10.0.40219.1
Project("{9A19103F-16F7-4668-BE54-9A1E7A4F7556}") = "TestPrepLogWebsite", "TestPrepLogWebsite\TestPrepLogWebsite.csproj", "{1102E188-5382-4AD3-9423-C76BCED1E9C0}"
EndProject
Project("{9A19103F-16F7-4668-BE54-9A1E7A4F7556}") = "DataAccessLibrary", "DataAccessLibrary\DataAccessLibrary.csproj", "{02A51BD9-C6A2-48E2-8F11-79A209AC6305}"
EndProject
Global
	GlobalSection(SolutionConfigurationPlatforms) = preSolution
		Debug|Any CPU = Debug|Any CPU
		Release|Any CPU = Release|Any CPU
	EndGlobalSection
	GlobalSection(ProjectConfigurationPlatforms) = postSolution
		{1102E188-5382-4AD3-9423-C76BCED1E9C0}.Debug|Any CPU.ActiveCfg = Debug|Any CPU
		{1102E188-5382-4AD3-9423-C76BCED1E9C0}.Debug|Any CPU.Build.0 = Debug|Any CPU
		{1102E188-5382-4AD3-9423-C76BCED1E9C0}.Release|Any CPU.ActiveCfg = Release|Any CPU
		{1102E188-5382-4AD3-9423-C76BCED1E9C0}.Release|Any CPU.Build.0 = Release|Any CPU
		{02A51BD9-C6A2-48E2-8F11-79A209AC6305}.Debug|Any CPU.ActiveCfg = Debug|Any CPU
		{02A51BD9-C6A2-48E2-8F11-79A209AC6305}.Debug|Any CPU.Build.0 = Debug|Any CPU
		{02A51BD9-C6A2-48E2-8F11-79A209AC6305}.Release|Any CPU.ActiveCfg = Release|Any CPU
		{02A51BD9-C6A2-48E2-8F11-79A209AC6305}.Release|Any CPU.Build.0 = Release|Any CPU
	EndGlobalSection
	GlobalSection(SolutionProperties) = preSolution
		HideSolutionNode = FALSE
	EndGlobalSection
	GlobalSection(ExtensibilityGlobals) = postSolution
		SolutionGuid = {24B1522E-86E3-4B09-BB90-259CAC95DB92}
	EndGlobalSection
EndGlobal
